// !$*UTF8*$!
{
	archiveVersion = 1;
	classes = {
	};
	objectVersion = 50;
	objects = {

/* Begin PBXBuildFile section */
		8346139525851964008D2A1F /* MaxViewContoller.swift in Sources */ = {isa = PBXBuildFile; fileRef = 8346139425851964008D2A1F /* MaxViewContoller.swift */; };
		8347122D258258250001766B /* UIColor-Extension.swift in Sources */ = {isa = PBXBuildFile; fileRef = 8347122C258258250001766B /* UIColor-Extension.swift */; };
		834E4FCC2556A37800D448F8 /* result2ViewController.swift in Sources */ = {isa = PBXBuildFile; fileRef = 834E4FCB2556A37800D448F8 /* result2ViewController.swift */; };
		836C8A09255AD52900D98CA7 /* result3ViewController.swift in Sources */ = {isa = PBXBuildFile; fileRef = 836C8A08255AD52900D98CA7 /* result3ViewController.swift */; };
		837BE05A256413C300D45B43 /* ruleViewController.swift in Sources */ = {isa = PBXBuildFile; fileRef = 837BE059256413C300D45B43 /* ruleViewController.swift */; };
		837CC555254833630007B089 /* resultViewController.swift in Sources */ = {isa = PBXBuildFile; fileRef = 837CC554254833630007B089 /* resultViewController.swift */; };
		8381397F2545617700F17409 /* AppDelegate.swift in Sources */ = {isa = PBXBuildFile; fileRef = 8381397E2545617700F17409 /* AppDelegate.swift */; };
		838139812545617700F17409 /* SceneDelegate.swift in Sources */ = {isa = PBXBuildFile; fileRef = 838139802545617700F17409 /* SceneDelegate.swift */; };
		838139832545617700F17409 /* ViewController.swift in Sources */ = {isa = PBXBuildFile; fileRef = 838139822545617700F17409 /* ViewController.swift */; };
		838139862545617700F17409 /* Main.storyboard in Resources */ = {isa = PBXBuildFile; fileRef = 838139842545617700F17409 /* Main.storyboard */; };
		838139882545617800F17409 /* Assets.xcassets in Resources */ = {isa = PBXBuildFile; fileRef = 838139872545617800F17409 /* Assets.xcassets */; };
		8381398B2545617800F17409 /* LaunchScreen.storyboard in Resources */ = {isa = PBXBuildFile; fileRef = 838139892545617800F17409 /* LaunchScreen.storyboard */; };
		83945476254D6A8100A5D65C /* homeViewController.swift in Sources */ = {isa = PBXBuildFile; fileRef = 83945475254D6A8100A5D65C /* homeViewController.swift */; };
		83945479254D6AF800A5D65C /* GameoverViewController.swift in Sources */ = {isa = PBXBuildFile; fileRef = 83945478254D6AF800A5D65C /* GameoverViewController.swift */; };
		83DACFB825513D450057D6BE /* Level3ViewController.swift in Sources */ = {isa = PBXBuildFile; fileRef = 83DACFB725513D450057D6BE /* Level3ViewController.swift */; };
		83E1F2FC254EBBB200869C9C /* Level2ViewController.swift in Sources */ = {isa = PBXBuildFile; fileRef = 83E1F2FB254EBBB200869C9C /* Level2ViewController.swift */; };
		83F78A17257204AC00E5F4B2 /* Questions-Class.swift in Sources */ = {isa = PBXBuildFile; fileRef = 83F78A16257204AC00E5F4B2 /* Questions-Class.swift */; };
/* End PBXBuildFile section */

/* Begin PBXFileReference section */
		8346139425851964008D2A1F /* MaxViewContoller.swift */ = {isa = PBXFileReference; lastKnownFileType = sourcecode.swift; path = MaxViewContoller.swift; sourceTree = "<group>"; };
		8347122C258258250001766B /* UIColor-Extension.swift */ = {isa = PBXFileReference; lastKnownFileType = sourcecode.swift; path = "UIColor-Extension.swift"; sourceTree = "<group>"; };
		834E4FCB2556A37800D448F8 /* result2ViewController.swift */ = {isa = PBXFileReference; lastKnownFileType = sourcecode.swift; path = result2ViewController.swift; sourceTree = "<group>"; };
		836C8A08255AD52900D98CA7 /* result3ViewController.swift */ = {isa = PBXFileReference; lastKnownFileType = sourcecode.swift; path = result3ViewController.swift; sourceTree = "<group>"; };
		837BE059256413C300D45B43 /* ruleViewController.swift */ = {isa = PBXFileReference; lastKnownFileType = sourcecode.swift; path = ruleViewController.swift; sourceTree = "<group>"; };
		837CC554254833630007B089 /* resultViewController.swift */ = {isa = PBXFileReference; lastKnownFileType = sourcecode.swift; path = resultViewController.swift; sourceTree = "<group>"; };
		8381397B2545617700F17409 /* testquestion.app */ = {isa = PBXFileReference; explicitFileType = wrapper.application; includeInIndex = 0; path = testquestion.app; sourceTree = BUILT_PRODUCTS_DIR; };
		8381397E2545617700F17409 /* AppDelegate.swift */ = {isa = PBXFileReference; lastKnownFileType = sourcecode.swift; path = AppDelegate.swift; sourceTree = "<group>"; };
		838139802545617700F17409 /* SceneDelegate.swift */ = {isa = PBXFileReference; lastKnownFileType = sourcecode.swift; path = SceneDelegate.swift; sourceTree = "<group>"; };
		838139822545617700F17409 /* ViewController.swift */ = {isa = PBXFileReference; lastKnownFileType = sourcecode.swift; path = ViewController.swift; sourceTree = "<group>"; };
		838139852545617700F17409 /* Base */ = {isa = PBXFileReference; lastKnownFileType = file.storyboard; name = Base; path = Base.lproj/Main.storyboard; sourceTree = "<group>"; };
		838139872545617800F17409 /* Assets.xcassets */ = {isa = PBXFileReference; lastKnownFileType = folder.assetcatalog; path = Assets.xcassets; sourceTree = "<group>"; };
		8381398A2545617800F17409 /* Base */ = {isa = PBXFileReference; lastKnownFileType = file.storyboard; name = Base; path = Base.lproj/LaunchScreen.storyboard; sourceTree = "<group>"; };
		8381398C2545617800F17409 /* Info.plist */ = {isa = PBXFileReference; lastKnownFileType = text.plist.xml; path = Info.plist; sourceTree = "<group>"; };
		83945475254D6A8100A5D65C /* homeViewController.swift */ = {isa = PBXFileReference; lastKnownFileType = sourcecode.swift; path = homeViewController.swift; sourceTree = "<group>"; };
		83945478254D6AF800A5D65C /* GameoverViewController.swift */ = {isa = PBXFileReference; lastKnownFileType = sourcecode.swift; path = GameoverViewController.swift; sourceTree = "<group>"; };
		83DACFB725513D450057D6BE /* Level3ViewController.swift */ = {isa = PBXFileReference; lastKnownFileType = sourcecode.swift; path = Level3ViewController.swift; sourceTree = "<group>"; };
		83E1F2FB254EBBB200869C9C /* Level2ViewController.swift */ = {isa = PBXFileReference; lastKnownFileType = sourcecode.swift; path = Level2ViewController.swift; sourceTree = "<group>"; };
		83F78A16257204AC00E5F4B2 /* Questions-Class.swift */ = {isa = PBXFileReference; lastKnownFileType = sourcecode.swift; path = "Questions-Class.swift"; sourceTree = "<group>"; };
/* End PBXFileReference section */

/* Begin PBXFrameworksBuildPhase section */
		838139782545617700F17409 /* Frameworks */ = {
			isa = PBXFrameworksBuildPhase;
			buildActionMask = 2147483647;
			files = (
			);
			runOnlyForDeploymentPostprocessing = 0;
		};
/* End PBXFrameworksBuildPhase section */

/* Begin PBXGroup section */
		838139722545617700F17409 = {
			isa = PBXGroup;
			children = (
				8381397D2545617700F17409 /* testquestion */,
				8381397C2545617700F17409 /* Products */,
			);
			sourceTree = "<group>";
		};
		8381397C2545617700F17409 /* Products */ = {
			isa = PBXGroup;
			children = (
				8381397B2545617700F17409 /* testquestion.app */,
			);
			name = Products;
			sourceTree = "<group>";
		};
		8381397D2545617700F17409 /* testquestion */ = {
			isa = PBXGroup;
			children = (
				8381397E2545617700F17409 /* AppDelegate.swift */,
				838139802545617700F17409 /* SceneDelegate.swift */,
				838139822545617700F17409 /* ViewController.swift */,
				837CC554254833630007B089 /* resultViewController.swift */,
				838139842545617700F17409 /* Main.storyboard */,
				8346139425851964008D2A1F /* MaxViewContoller.swift */,
				837BE059256413C300D45B43 /* ruleViewController.swift */,
				8347122C258258250001766B /* UIColor-Extension.swift */,
				834E4FCB2556A37800D448F8 /* result2ViewController.swift */,
				836C8A08255AD52900D98CA7 /* result3ViewController.swift */,
				83DACFB725513D450057D6BE /* Level3ViewController.swift */,
				83E1F2FB254EBBB200869C9C /* Level2ViewController.swift */,
				83F78A16257204AC00E5F4B2 /* Questions-Class.swift */,
				83945478254D6AF800A5D65C /* GameoverViewController.swift */,
				83945475254D6A8100A5D65C /* homeViewController.swift */,
				838139872545617800F17409 /* Assets.xcassets */,
				838139892545617800F17409 /* LaunchScreen.storyboard */,
				8381398C2545617800F17409 /* Info.plist */,
			);
			path = testquestion;
			sourceTree = "<group>";
		};
/* End PBXGroup section */

/* Begin PBXNativeTarget section */
		8381397A2545617700F17409 /* testquestion */ = {
			isa = PBXNativeTarget;
			buildConfigurationList = 8381398F2545617800F17409 /* Build configuration list for PBXNativeTarget "testquestion" */;
			buildPhases = (
				838139772545617700F17409 /* Sources */,
				838139782545617700F17409 /* Frameworks */,
				838139792545617700F17409 /* Resources */,
			);
			buildRules = (
			);
			dependencies = (
			);
			name = testquestion;
			productName = testquestion;
			productReference = 8381397B2545617700F17409 /* testquestion.app */;
			productType = "com.apple.product-type.application";
		};
/* End PBXNativeTarget section */

/* Begin PBXProject section */
		838139732545617700F17409 /* Project object */ = {
			isa = PBXProject;
			attributes = {
				LastSwiftUpdateCheck = 1200;
				LastUpgradeCheck = 1200;
				TargetAttributes = {
					8381397A2545617700F17409 = {
						CreatedOnToolsVersion = 12.0.1;
					};
				};
			};
			buildConfigurationList = 838139762545617700F17409 /* Build configuration list for PBXProject "testquestion" */;
			compatibilityVersion = "Xcode 9.3";
			developmentRegion = en;
			hasScannedForEncodings = 0;
			knownRegions = (
				en,
				Base,
			);
			mainGroup = 838139722545617700F17409;
			productRefGroup = 8381397C2545617700F17409 /* Products */;
			projectDirPath = "";
			projectRoot = "";
			targets = (
				8381397A2545617700F17409 /* testquestion */,
			);
		};
/* End PBXProject section */

/* Begin PBXResourcesBuildPhase section */
		838139792545617700F17409 /* Resources */ = {
			isa = PBXResourcesBuildPhase;
			buildActionMask = 2147483647;
			files = (
				8381398B2545617800F17409 /* LaunchScreen.storyboard in Resources */,
				838139882545617800F17409 /* Assets.xcassets in Resources */,
				838139862545617700F17409 /* Main.storyboard in Resources */,
			);
			runOnlyForDeploymentPostprocessing = 0;
		};
/* End PBXResourcesBuildPhase section */

/* Begin PBXSourcesBuildPhase section */
		838139772545617700F17409 /* Sources */ = {
			isa = PBXSourcesBuildPhase;
			buildActionMask = 2147483647;
			files = (
				838139832545617700F17409 /* ViewController.swift in Sources */,
				8381397F2545617700F17409 /* AppDelegate.swift in Sources */,
				836C8A09255AD52900D98CA7 /* result3ViewController.swift in Sources */,
				83E1F2FC254EBBB200869C9C /* Level2ViewController.swift in Sources */,
				837BE05A256413C300D45B43 /* ruleViewController.swift in Sources */,
				834E4FCC2556A37800D448F8 /* result2ViewController.swift in Sources */,
				83945479254D6AF800A5D65C /* GameoverViewController.swift in Sources */,
				83F78A17257204AC00E5F4B2 /* Questions-Class.swift in Sources */,
				8347122D258258250001766B /* UIColor-Extension.swift in Sources */,
				838139812545617700F17409 /* SceneDelegate.swift in Sources */,
				83945476254D6A8100A5D65C /* homeViewController.swift in Sources */,
				837CC555254833630007B089 /* resultViewController.swift in Sources */,
				8346139525851964008D2A1F /* MaxViewContoller.swift in Sources */,
				83DACFB825513D450057D6BE /* Level3ViewController.swift in Sources */,
			);
			runOnlyForDeploymentPostprocessing = 0;
		};
/* End PBXSourcesBuildPhase section */

/* Begin PBXVariantGroup section */
		838139842545617700F17409 /* Main.storyboard */ = {
			isa = PBXVariantGroup;
			children = (
				838139852545617700F17409 /* Base */,
			);
			name = Main.storyboard;
			sourceTree = "<group>";
		};
		838139892545617800F17409 /* LaunchScreen.storyboard */ = {
			isa = PBXVariantGroup;
			children = (
				8381398A2545617800F17409 /* Base */,
			);
			name = LaunchScreen.storyboard;
			sourceTree = "<group>";
		};
/* End PBXVariantGroup section */

/* Begin XCBuildConfiguration section */
		8381398D2545617800F17409 /* Debug */ = {
			isa = XCBuildConfiguration;
			buildSettings = {
				ALWAYS_SEARCH_USER_PATHS = NO;
				CLANG_ANALYZER_NONNULL = YES;
				CLANG_ANALYZER_NUMBER_OBJECT_CONVERSION = YES_AGGRESSIVE;
				CLANG_CXX_LANGUAGE_STANDARD = "gnu++14";
				CLANG_CXX_LIBRARY = "libc++";
				CLANG_ENABLE_MODULES = YES;
				CLANG_ENABLE_OBJC_ARC = YES;
				CLANG_ENABLE_OBJC_WEAK = YES;
				CLANG_WARN_BLOCK_CAPTURE_AUTORELEASING = YES;
				CLANG_WARN_BOOL_CONVERSION = YES;
				CLANG_WARN_COMMA = YES;
				CLANG_WARN_CONSTANT_CONVERSION = YES;
				CLANG_WARN_DEPRECATED_OBJC_IMPLEMENTATIONS = YES;
				CLANG_WARN_DIRECT_OBJC_ISA_USAGE = YES_ERROR;
				CLANG_WARN_DOCUMENTATION_COMMENTS = YES;
				CLANG_WARN_EMPTY_BODY = YES;
				CLANG_WARN_ENUM_CONVERSION = YES;
				CLANG_WARN_INFINITE_RECURSION = YES;
				CLANG_WARN_INT_CONVERSION = YES;
				CLANG_WARN_NON_LITERAL_NULL_CONVERSION = YES;
				CLANG_WARN_OBJC_IMPLICIT_RETAIN_SELF = YES;
				CLANG_WARN_OBJC_LITERAL_CONVERSION = YES;
				CLANG_WARN_OBJC_ROOT_CLASS = YES_ERROR;
				CLANG_WARN_QUOTED_INCLUDE_IN_FRAMEWORK_HEADER = YES;
				CLANG_WARN_RANGE_LOOP_ANALYSIS = YES;
				CLANG_WARN_STRICT_PROTOTYPES = YES;
				CLANG_WARN_SUSPICIOUS_MOVE = YES;
				CLANG_WARN_UNGUARDED_AVAILABILITY = YES_AGGRESSIVE;
				CLANG_WARN_UNREACHABLE_CODE = YES;
				CLANG_WARN__DUPLICATE_METHOD_MATCH = YES;
				COPY_PHASE_STRIP = NO;
				DEBUG_INFORMATION_FORMAT = dwarf;
				ENABLE_STRICT_OBJC_MSGSEND = YES;
				ENABLE_TESTABILITY = YES;
				GCC_C_LANGUAGE_STANDARD = gnu11;
				GCC_DYNAMIC_NO_PIC = NO;
				GCC_NO_COMMON_BLOCKS = YES;
				GCC_OPTIMIZATION_LEVEL = 0;
				GCC_PREPROCESSOR_DEFINITIONS = (
					"DEBUG=1",
					"$(inherited)",
				);
				GCC_WARN_64_TO_32_BIT_CONVERSION = YES;
				GCC_WARN_ABOUT_RETURN_TYPE = YES_ERROR;
				GCC_WARN_UNDECLARED_SELECTOR = YES;
				GCC_WARN_UNINITIALIZED_AUTOS = YES_AGGRESSIVE;
				GCC_WARN_UNUSED_FUNCTION = YES;
				GCC_WARN_UNUSED_VARIABLE = YES;
				IPHONEOS_DEPLOYMENT_TARGET = 14.0;
				MTL_ENABLE_DEBUG_INFO = INCLUDE_SOURCE;
				MTL_FAST_MATH = YES;
				ONLY_ACTIVE_ARCH = YES;
				SDKROOT = iphoneos;
				SWIFT_ACTIVE_COMPILATION_CONDITIONS = DEBUG;
				SWIFT_OPTIMIZATION_LEVEL = "-Onone";
			};
			name = Debug;
		};
		8381398E2545617800F17409 /* Release */ = {
			isa = XCBuildConfiguration;
			buildSettings = {
				ALWAYS_SEARCH_USER_PATHS = NO;
				CLANG_ANALYZER_NONNULL = YES;
				CLANG_ANALYZER_NUMBER_OBJECT_CONVERSION = YES_AGGRESSIVE;
				CLANG_CXX_LANGUAGE_STANDARD = "gnu++14";
				CLANG_CXX_LIBRARY = "libc++";
				CLANG_ENABLE_MODULES = YES;
				CLANG_ENABLE_OBJC_ARC = YES;
				CLANG_ENABLE_OBJC_WEAK = YES;
				CLANG_WARN_BLOCK_CAPTURE_AUTORELEASING = YES;
				CLANG_WARN_BOOL_CONVERSION = YES;
				CLANG_WARN_COMMA = YES;
				CLANG_WARN_CONSTANT_CONVERSION = YES;
				CLANG_WARN_DEPRECATED_OBJC_IMPLEMENTATIONS = YES;
				CLANG_WARN_DIRECT_OBJC_ISA_USAGE = YES_ERROR;
				CLANG_WARN_DOCUMENTATION_COMMENTS = YES;
				CLANG_WARN_EMPTY_BODY = YES;
				CLANG_WARN_ENUM_CONVERSION = YES;
				CLANG_WARN_INFINITE_RECURSION = YES;
				CLANG_WARN_INT_CONVERSION = YES;
				CLANG_WARN_NON_LITERAL_NULL_CONVERSION = YES;
				CLANG_WARN_OBJC_IMPLICIT_RETAIN_SELF = YES;
				CLANG_WARN_OBJC_LITERAL_CONVERSION = YES;
				CLANG_WARN_OBJC_ROOT_CLASS = YES_ERROR;
				CLANG_WARN_QUOTED_INCLUDE_IN_FRAMEWORK_HEADER = YES;
				CLANG_WARN_RANGE_LOOP_ANALYSIS = YES;
				CLANG_WARN_STRICT_PROTOTYPES = YES;
				CLANG_WARN_SUSPICIOUS_MOVE = YES;
				CLANG_WARN_UNGUARDED_AVAILABILITY = YES_AGGRESSIVE;
				CLANG_WARN_UNREACHABLE_CODE = YES;
				CLANG_WARN__DUPLICATE_METHOD_MATCH = YES;
				COPY_PHASE_STRIP = NO;
				DEBUG_INFORMATION_FORMAT = "dwarf-with-dsym";
				ENABLE_NS_ASSERTIONS = NO;
				ENABLE_STRICT_OBJC_MSGSEND = YES;
				GCC_C_LANGUAGE_STANDARD = gnu11;
				GCC_NO_COMMON_BLOCKS = YES;
				GCC_WARN_64_TO_32_BIT_CONVERSION = YES;
				GCC_WARN_ABOUT_RETURN_TYPE = YES_ERROR;
				GCC_WARN_UNDECLARED_SELECTOR = YES;
				GCC_WARN_UNINITIALIZED_AUTOS = YES_AGGRESSIVE;
				GCC_WARN_UNUSED_FUNCTION = YES;
				GCC_WARN_UNUSED_VARIABLE = YES;
				IPHONEOS_DEPLOYMENT_TARGET = 14.0;
				MTL_ENABLE_DEBUG_INFO = NO;
				MTL_FAST_MATH = YES;
				SDKROOT = iphoneos;
				SWIFT_COMPILATION_MODE = wholemodule;
				SWIFT_OPTIMIZATION_LEVEL = "-O";
				VALIDATE_PRODUCT = YES;
			};
			name = Release;
		};
		838139902545617800F17409 /* Debug */ = {
			isa = XCBuildConfiguration;
			buildSettings = {
				ASSETCATALOG_COMPILER_APPICON_NAME = AppIcon;
				ASSETCATALOG_COMPILER_GLOBAL_ACCENT_COLOR_NAME = AccentColor;
				CODE_SIGN_STYLE = Automatic;
				DEVELOPMENT_TEAM = 7X5HD5B2PU;
				INFOPLIST_FILE = testquestion/Info.plist;
				LD_RUNPATH_SEARCH_PATHS = (
					"$(inherited)",
					"@executable_path/Frameworks",
				);
				PRODUCT_BUNDLE_IDENTIFIER = org.pshaman.question;
				PRODUCT_NAME = "$(TARGET_NAME)";
				SWIFT_VERSION = 5.0;
				TARGETED_DEVICE_FAMILY = 1;
			};
			name = Debug;
		};
		838139912545617800F17409 /* Release */ = {
			isa = XCBuildConfiguration;
			buildSettings = {
				ASSETCATALOG_COMPILER_APPICON_NAME = AppIcon;
				ASSETCATALOG_COMPILER_GLOBAL_ACCENT_COLOR_NAME = AccentColor;
				CODE_SIGN_STYLE = Automatic;
				DEVELOPMENT_TEAM = 7X5HD5B2PU;
				INFOPLIST_FILE = testquestion/Info.plist;
				LD_RUNPATH_SEARCH_PATHS = (
					"$(inherited)",
					"@executable_path/Frameworks",
				);
				PRODUCT_BUNDLE_IDENTIFIER = org.pshaman.question;
				PRODUCT_NAME = "$(TARGET_NAME)";
				SWIFT_VERSION = 5.0;
				TARGETED_DEVICE_FAMILY = 1;
			};
			name = Release;
		};
/* End XCBuildConfiguration section */

/* Begin XCConfigurationList section */
		838139762545617700F17409 /* Build configuration list for PBXProject "testquestion" */ = {
			isa = XCConfigurationList;
			buildConfigurations = (
				8381398D2545617800F17409 /* Debug */,
				8381398E2545617800F17409 /* Release */,
			);
			defaultConfigurationIsVisible = 0;
			defaultConfigurationName = Release;
		};
		8381398F2545617800F17409 /* Build configuration list for PBXNativeTarget "testquestion" */ = {
			isa = XCConfigurationList;
			buildConfigurations = (
				838139902545617800F17409 /* Debug */,
				838139912545617800F17409 /* Release */,
			);
			defaultConfigurationIsVisible = 0;
			defaultConfigurationName = Release;
		};
/* End XCConfigurationList section */
	};
	rootObject = 838139732545617700F17409 /* Project object */;
}
